// !$*UTF8*$!
{
	archiveVersion = 1;
	classes = {
	};
	objectVersion = 56;
	objects = {

/* Begin PBXBuildFile section */
		9909F90B2BACCCFE002372B6 /* Drink_TrackerApp.swift in Sources */ = {isa = PBXBuildFile; fileRef = 9909F90A2BACCCFE002372B6 /* Drink_TrackerApp.swift */; };
		9909F90D2BACCCFE002372B6 /* ContentView.swift in Sources */ = {isa = PBXBuildFile; fileRef = 9909F90C2BACCCFE002372B6 /* ContentView.swift */; };
		9909F90F2BACCD01002372B6 /* Assets.xcassets in Resources */ = {isa = PBXBuildFile; fileRef = 9909F90E2BACCD01002372B6 /* Assets.xcassets */; };
		9909F9122BACCD01002372B6 /* Preview Assets.xcassets in Resources */ = {isa = PBXBuildFile; fileRef = 9909F9112BACCD01002372B6 /* Preview Assets.xcassets */; };
		9909F91C2BACCD02002372B6 /* Drink_TrackerTests.swift in Sources */ = {isa = PBXBuildFile; fileRef = 9909F91B2BACCD02002372B6 /* Drink_TrackerTests.swift */; };
		9909F9262BACCD02002372B6 /* Drink_TrackerUITests.swift in Sources */ = {isa = PBXBuildFile; fileRef = 9909F9252BACCD02002372B6 /* Drink_TrackerUITests.swift */; };
		9909F9282BACCD02002372B6 /* Drink_TrackerUITestsLaunchTests.swift in Sources */ = {isa = PBXBuildFile; fileRef = 9909F9272BACCD02002372B6 /* Drink_TrackerUITestsLaunchTests.swift */; };
/* End PBXBuildFile section */

/* Begin PBXContainerItemProxy section */
		9909F9182BACCD02002372B6 /* PBXContainerItemProxy */ = {
			isa = PBXContainerItemProxy;
			containerPortal = 9909F8FF2BACCCFE002372B6 /* Project object */;
			proxyType = 1;
			remoteGlobalIDString = 9909F9062BACCCFE002372B6;
			remoteInfo = "Drink Tracker";
		};
		9909F9222BACCD02002372B6 /* PBXContainerItemProxy */ = {
			isa = PBXContainerItemProxy;
			containerPortal = 9909F8FF2BACCCFE002372B6 /* Project object */;
			proxyType = 1;
			remoteGlobalIDString = 9909F9062BACCCFE002372B6;
			remoteInfo = "Drink Tracker";
		};
/* End PBXContainerItemProxy section */

/* Begin PBXFileReference section */
		9909F9072BACCCFE002372B6 /* Drink Tracker.app */ = {isa = PBXFileReference; explicitFileType = wrapper.application; includeInIndex = 0; path = "Drink Tracker.app"; sourceTree = BUILT_PRODUCTS_DIR; };
		9909F90A2BACCCFE002372B6 /* Drink_TrackerApp.swift */ = {isa = PBXFileReference; lastKnownFileType = sourcecode.swift; path = Drink_TrackerApp.swift; sourceTree = "<group>"; };
		9909F90C2BACCCFE002372B6 /* ContentView.swift */ = {isa = PBXFileReference; lastKnownFileType = sourcecode.swift; path = ContentView.swift; sourceTree = "<group>"; };
		9909F90E2BACCD01002372B6 /* Assets.xcassets */ = {isa = PBXFileReference; lastKnownFileType = folder.assetcatalog; path = Assets.xcassets; sourceTree = "<group>"; };
		9909F9112BACCD01002372B6 /* Preview Assets.xcassets */ = {isa = PBXFileReference; lastKnownFileType = folder.assetcatalog; path = "Preview Assets.xcassets"; sourceTree = "<group>"; };
		9909F9172BACCD02002372B6 /* Drink TrackerTests.xctest */ = {isa = PBXFileReference; explicitFileType = wrapper.cfbundle; includeInIndex = 0; path = "Drink TrackerTests.xctest"; sourceTree = BUILT_PRODUCTS_DIR; };
		9909F91B2BACCD02002372B6 /* Drink_TrackerTests.swift */ = {isa = PBXFileReference; lastKnownFileType = sourcecode.swift; path = Drink_TrackerTests.swift; sourceTree = "<group>"; };
		9909F9212BACCD02002372B6 /* Drink TrackerUITests.xctest */ = {isa = PBXFileReference; explicitFileType = wrapper.cfbundle; includeInIndex = 0; path = "Drink TrackerUITests.xctest"; sourceTree = BUILT_PRODUCTS_DIR; };
		9909F9252BACCD02002372B6 /* Drink_TrackerUITests.swift */ = {isa = PBXFileReference; lastKnownFileType = sourcecode.swift; path = Drink_TrackerUITests.swift; sourceTree = "<group>"; };
		9909F9272BACCD02002372B6 /* Drink_TrackerUITestsLaunchTests.swift */ = {isa = PBXFileReference; lastKnownFileType = sourcecode.swift; path = Drink_TrackerUITestsLaunchTests.swift; sourceTree = "<group>"; };
/* End PBXFileReference section */

/* Begin PBXFrameworksBuildPhase section */
		9909F9042BACCCFE002372B6 /* Frameworks */ = {
			isa = PBXFrameworksBuildPhase;
			buildActionMask = 2147483647;
			files = (
			);
			runOnlyForDeploymentPostprocessing = 0;
		};
		9909F9142BACCD02002372B6 /* Frameworks */ = {
			isa = PBXFrameworksBuildPhase;
			buildActionMask = 2147483647;
			files = (
			);
			runOnlyForDeploymentPostprocessing = 0;
		};
		9909F91E2BACCD02002372B6 /* Frameworks */ = {
			isa = PBXFrameworksBuildPhase;
			buildActionMask = 2147483647;
			files = (
			);
			runOnlyForDeploymentPostprocessing = 0;
		};
/* End PBXFrameworksBuildPhase section */

/* Begin PBXGroup section */
		9909F8FE2BACCCFE002372B6 = {
			isa = PBXGroup;
			children = (
				9909F9092BACCCFE002372B6 /* Drink Tracker */,
				9909F91A2BACCD02002372B6 /* Drink TrackerTests */,
				9909F9242BACCD02002372B6 /* Drink TrackerUITests */,
				9909F9082BACCCFE002372B6 /* Products */,
			);
			sourceTree = "<group>";
		};
		9909F9082BACCCFE002372B6 /* Products */ = {
			isa = PBXGroup;
			children = (
				9909F9072BACCCFE002372B6 /* Drink Tracker.app */,
				9909F9172BACCD02002372B6 /* Drink TrackerTests.xctest */,
				9909F9212BACCD02002372B6 /* Drink TrackerUITests.xctest */,
			);
			name = Products;
			sourceTree = "<group>";
		};
		9909F9092BACCCFE002372B6 /* Drink Tracker */ = {
			isa = PBXGroup;
			children = (
				9909F90A2BACCCFE002372B6 /* Drink_TrackerApp.swift */,
				9909F90C2BACCCFE002372B6 /* ContentView.swift */,
				9909F90E2BACCD01002372B6 /* Assets.xcassets */,
				9909F9102BACCD01002372B6 /* Preview Content */,
			);
			path = "Drink Tracker";
			sourceTree = "<group>";
		};
		9909F9102BACCD01002372B6 /* Preview Content */ = {
			isa = PBXGroup;
			children = (
				9909F9112BACCD01002372B6 /* Preview Assets.xcassets */,
			);
			path = "Preview Content";
			sourceTree = "<group>";
		};
		9909F91A2BACCD02002372B6 /* Drink TrackerTests */ = {
			isa = PBXGroup;
			children = (
				9909F91B2BACCD02002372B6 /* Drink_TrackerTests.swift */,
			);
			path = "Drink TrackerTests";
			sourceTree = "<group>";
		};
		9909F9242BACCD02002372B6 /* Drink TrackerUITests */ = {
			isa = PBXGroup;
			children = (
				9909F9252BACCD02002372B6 /* Drink_TrackerUITests.swift */,
				9909F9272BACCD02002372B6 /* Drink_TrackerUITestsLaunchTests.swift */,
			);
			path = "Drink TrackerUITests";
			sourceTree = "<group>";
		};
/* End PBXGroup section */

/* Begin PBXNativeTarget section */
		9909F9062BACCCFE002372B6 /* Drink Tracker */ = {
			isa = PBXNativeTarget;
			buildConfigurationList = 9909F92B2BACCD02002372B6 /* Build configuration list for PBXNativeTarget "Drink Tracker" */;
			buildPhases = (
				9909F9032BACCCFE002372B6 /* Sources */,
				9909F9042BACCCFE002372B6 /* Frameworks */,
				9909F9052BACCCFE002372B6 /* Resources */,
			);
			buildRules = (
			);
			dependencies = (
			);
			name = "Drink Tracker";
			productName = "Drink Tracker";
			productReference = 9909F9072BACCCFE002372B6 /* Drink Tracker.app */;
			productType = "com.apple.product-type.application";
		};
		9909F9162BACCD02002372B6 /* Drink TrackerTests */ = {
			isa = PBXNativeTarget;
			buildConfigurationList = 9909F92E2BACCD02002372B6 /* Build configuration list for PBXNativeTarget "Drink TrackerTests" */;
			buildPhases = (
				9909F9132BACCD02002372B6 /* Sources */,
				9909F9142BACCD02002372B6 /* Frameworks */,
				9909F9152BACCD02002372B6 /* Resources */,
			);
			buildRules = (
			);
			dependencies = (
				9909F9192BACCD02002372B6 /* PBXTargetDependency */,
			);
			name = "Drink TrackerTests";
			productName = "Drink TrackerTests";
			productReference = 9909F9172BACCD02002372B6 /* Drink TrackerTests.xctest */;
			productType = "com.apple.product-type.bundle.unit-test";
		};
		9909F9202BACCD02002372B6 /* Drink TrackerUITests */ = {
			isa = PBXNativeTarget;
			buildConfigurationList = 9909F9312BACCD02002372B6 /* Build configuration list for PBXNativeTarget "Drink TrackerUITests" */;
			buildPhases = (
				9909F91D2BACCD02002372B6 /* Sources */,
				9909F91E2BACCD02002372B6 /* Frameworks */,
				9909F91F2BACCD02002372B6 /* Resources */,
			);
			buildRules = (
			);
			dependencies = (
				9909F9232BACCD02002372B6 /* PBXTargetDependency */,
			);
			name = "Drink TrackerUITests";
			productName = "Drink TrackerUITests";
			productReference = 9909F9212BACCD02002372B6 /* Drink TrackerUITests.xctest */;
			productType = "com.apple.product-type.bundle.ui-testing";
		};
/* End PBXNativeTarget section */

/* Begin PBXProject section */
		9909F8FF2BACCCFE002372B6 /* Project object */ = {
			isa = PBXProject;
			attributes = {
				BuildIndependentTargetsInParallel = 1;
				LastSwiftUpdateCheck = 1510;
				LastUpgradeCheck = 1510;
				TargetAttributes = {
					9909F9062BACCCFE002372B6 = {
						CreatedOnToolsVersion = 15.1;
					};
					9909F9162BACCD02002372B6 = {
						CreatedOnToolsVersion = 15.1;
						TestTargetID = 9909F9062BACCCFE002372B6;
					};
					9909F9202BACCD02002372B6 = {
						CreatedOnToolsVersion = 15.1;
						TestTargetID = 9909F9062BACCCFE002372B6;
					};
				};
			};
			buildConfigurationList = 9909F9022BACCCFE002372B6 /* Build configuration list for PBXProject "Drink Tracker" */;
			compatibilityVersion = "Xcode 14.0";
			developmentRegion = en;
			hasScannedForEncodings = 0;
			knownRegions = (
				en,
				Base,
			);
			mainGroup = 9909F8FE2BACCCFE002372B6;
			productRefGroup = 9909F9082BACCCFE002372B6 /* Products */;
			projectDirPath = "";
			projectRoot = "";
			targets = (
				9909F9062BACCCFE002372B6 /* Drink Tracker */,
				9909F9162BACCD02002372B6 /* Drink TrackerTests */,
				9909F9202BACCD02002372B6 /* Drink TrackerUITests */,
			);
		};
/* End PBXProject section */

/* Begin PBXResourcesBuildPhase section */
		9909F9052BACCCFE002372B6 /* Resources */ = {
			isa = PBXResourcesBuildPhase;
			buildActionMask = 2147483647;
			files = (
				9909F9122BACCD01002372B6 /* Preview Assets.xcassets in Resources */,
				9909F90F2BACCD01002372B6 /* Assets.xcassets in Resources */,
			);
			runOnlyForDeploymentPostprocessing = 0;
		};
		9909F9152BACCD02002372B6 /* Resources */ = {
			isa = PBXResourcesBuildPhase;
			buildActionMask = 2147483647;
			files = (
			);
			runOnlyForDeploymentPostprocessing = 0;
		};
		9909F91F2BACCD02002372B6 /* Resources */ = {
			isa = PBXResourcesBuildPhase;
			buildActionMask = 2147483647;
			files = (
			);
			runOnlyForDeploymentPostprocessing = 0;
		};
/* End PBXResourcesBuildPhase section */

/* Begin PBXSourcesBuildPhase section */
		9909F9032BACCCFE002372B6 /* Sources */ = {
			isa = PBXSourcesBuildPhase;
			buildActionMask = 2147483647;
			files = (
				9909F90D2BACCCFE002372B6 /* ContentView.swift in Sources */,
				9909F90B2BACCCFE002372B6 /* Drink_TrackerApp.swift in Sources */,
			);
			runOnlyForDeploymentPostprocessing = 0;
		};
		9909F9132BACCD02002372B6 /* Sources */ = {
			isa = PBXSourcesBuildPhase;
			buildActionMask = 2147483647;
			files = (
				9909F91C2BACCD02002372B6 /* Drink_TrackerTests.swift in Sources */,
			);
			runOnlyForDeploymentPostprocessing = 0;
		};
		9909F91D2BACCD02002372B6 /* Sources */ = {
			isa = PBXSourcesBuildPhase;
			buildActionMask = 2147483647;
			files = (
				9909F9282BACCD02002372B6 /* Drink_TrackerUITestsLaunchTests.swift in Sources */,
				9909F9262BACCD02002372B6 /* Drink_TrackerUITests.swift in Sources */,
			);
			runOnlyForDeploymentPostprocessing = 0;
		};
/* End PBXSourcesBuildPhase section */

/* Begin PBXTargetDependency section */
		9909F9192BACCD02002372B6 /* PBXTargetDependency */ = {
			isa = PBXTargetDependency;
			target = 9909F9062BACCCFE002372B6 /* Drink Tracker */;
			targetProxy = 9909F9182BACCD02002372B6 /* PBXContainerItemProxy */;
		};
		9909F9232BACCD02002372B6 /* PBXTargetDependency */ = {
			isa = PBXTargetDependency;
			target = 9909F9062BACCCFE002372B6 /* Drink Tracker */;
			targetProxy = 9909F9222BACCD02002372B6 /* PBXContainerItemProxy */;
		};
/* End PBXTargetDependency section */

/* Begin XCBuildConfiguration section */
		9909F9292BACCD02002372B6 /* Debug */ = {
			isa = XCBuildConfiguration;
			buildSettings = {
				ALWAYS_SEARCH_USER_PATHS = NO;
				ASSETCATALOG_COMPILER_GENERATE_SWIFT_ASSET_SYMBOL_EXTENSIONS = YES;
				CLANG_ANALYZER_NONNULL = YES;
				CLANG_ANALYZER_NUMBER_OBJECT_CONVERSION = YES_AGGRESSIVE;
				CLANG_CXX_LANGUAGE_STANDARD = "gnu++20";
				CLANG_ENABLE_MODULES = YES;
				CLANG_ENABLE_OBJC_ARC = YES;
				CLANG_ENABLE_OBJC_WEAK = YES;
				CLANG_WARN_BLOCK_CAPTURE_AUTORELEASING = YES;
				CLANG_WARN_BOOL_CONVERSION = YES;
				CLANG_WARN_COMMA = YES;
				CLANG_WARN_CONSTANT_CONVERSION = YES;
				CLANG_WARN_DEPRECATED_OBJC_IMPLEMENTATIONS = YES;
				CLANG_WARN_DIRECT_OBJC_ISA_USAGE = YES_ERROR;
				CLANG_WARN_DOCUMENTATION_COMMENTS = YES;
				CLANG_WARN_EMPTY_BODY = YES;
				CLANG_WARN_ENUM_CONVERSION = YES;
				CLANG_WARN_INFINITE_RECURSION = YES;
				CLANG_WARN_INT_CONVERSION = YES;
				CLANG_WARN_NON_LITERAL_NULL_CONVERSION = YES;
				CLANG_WARN_OBJC_IMPLICIT_RETAIN_SELF = YES;
				CLANG_WARN_OBJC_LITERAL_CONVERSION = YES;
				CLANG_WARN_OBJC_ROOT_CLASS = YES_ERROR;
				CLANG_WARN_QUOTED_INCLUDE_IN_FRAMEWORK_HEADER = YES;
				CLANG_WARN_RANGE_LOOP_ANALYSIS = YES;
				CLANG_WARN_STRICT_PROTOTYPES = YES;
				CLANG_WARN_SUSPICIOUS_MOVE = YES;
				CLANG_WARN_UNGUARDED_AVAILABILITY = YES_AGGRESSIVE;
				CLANG_WARN_UNREACHABLE_CODE = YES;
				CLANG_WARN__DUPLICATE_METHOD_MATCH = YES;
				COPY_PHASE_STRIP = NO;
				DEBUG_INFORMATION_FORMAT = dwarf;
				ENABLE_STRICT_OBJC_MSGSEND = YES;
				ENABLE_TESTABILITY = YES;
				ENABLE_USER_SCRIPT_SANDBOXING = YES;
				GCC_C_LANGUAGE_STANDARD = gnu17;
				GCC_DYNAMIC_NO_PIC = NO;
				GCC_NO_COMMON_BLOCKS = YES;
				GCC_OPTIMIZATION_LEVEL = 0;
				GCC_PREPROCESSOR_DEFINITIONS = (
					"DEBUG=1",
					"$(inherited)",
				);
				GCC_WARN_64_TO_32_BIT_CONVERSION = YES;
				GCC_WARN_ABOUT_RETURN_TYPE = YES_ERROR;
				GCC_WARN_UNDECLARED_SELECTOR = YES;
				GCC_WARN_UNINITIALIZED_AUTOS = YES_AGGRESSIVE;
				GCC_WARN_UNUSED_FUNCTION = YES;
				GCC_WARN_UNUSED_VARIABLE = YES;
				IPHONEOS_DEPLOYMENT_TARGET = 17.2;
				LOCALIZATION_PREFERS_STRING_CATALOGS = YES;
				MTL_ENABLE_DEBUG_INFO = INCLUDE_SOURCE;
				MTL_FAST_MATH = YES;
				ONLY_ACTIVE_ARCH = YES;
				SDKROOT = iphoneos;
				SWIFT_ACTIVE_COMPILATION_CONDITIONS = "DEBUG $(inherited)";
				SWIFT_OPTIMIZATION_LEVEL = "-Onone";
			};
			name = Debug;
		};
		9909F92A2BACCD02002372B6 /* Release */ = {
			isa = XCBuildConfiguration;
			buildSettings = {
				ALWAYS_SEARCH_USER_PATHS = NO;
				ASSETCATALOG_COMPILER_GENERATE_SWIFT_ASSET_SYMBOL_EXTENSIONS = YES;
				CLANG_ANALYZER_NONNULL = YES;
				CLANG_ANALYZER_NUMBER_OBJECT_CONVERSION = YES_AGGRESSIVE;
				CLANG_CXX_LANGUAGE_STANDARD = "gnu++20";
				CLANG_ENABLE_MODULES = YES;
				CLANG_ENABLE_OBJC_ARC = YES;
				CLANG_ENABLE_OBJC_WEAK = YES;
				CLANG_WARN_BLOCK_CAPTURE_AUTORELEASING = YES;
				CLANG_WARN_BOOL_CONVERSION = YES;
				CLANG_WARN_COMMA = YES;
				CLANG_WARN_CONSTANT_CONVERSION = YES;
				CLANG_WARN_DEPRECATED_OBJC_IMPLEMENTATIONS = YES;
				CLANG_WARN_DIRECT_OBJC_ISA_USAGE = YES_ERROR;
				CLANG_WARN_DOCUMENTATION_COMMENTS = YES;
				CLANG_WARN_EMPTY_BODY = YES;
				CLANG_WARN_ENUM_CONVERSION = YES;
				CLANG_WARN_INFINITE_RECURSION = YES;
				CLANG_WARN_INT_CONVERSION = YES;
				CLANG_WARN_NON_LITERAL_NULL_CONVERSION = YES;
				CLANG_WARN_OBJC_IMPLICIT_RETAIN_SELF = YES;
				CLANG_WARN_OBJC_LITERAL_CONVERSION = YES;
				CLANG_WARN_OBJC_ROOT_CLASS = YES_ERROR;
				CLANG_WARN_QUOTED_INCLUDE_IN_FRAMEWORK_HEADER = YES;
				CLANG_WARN_RANGE_LOOP_ANALYSIS = YES;
				CLANG_WARN_STRICT_PROTOTYPES = YES;
				CLANG_WARN_SUSPICIOUS_MOVE = YES;
				CLANG_WARN_UNGUARDED_AVAILABILITY = YES_AGGRESSIVE;
				CLANG_WARN_UNREACHABLE_CODE = YES;
				CLANG_WARN__DUPLICATE_METHOD_MATCH = YES;
				COPY_PHASE_STRIP = NO;
				DEBUG_INFORMATION_FORMAT = "dwarf-with-dsym";
				ENABLE_NS_ASSERTIONS = NO;
				ENABLE_STRICT_OBJC_MSGSEND = YES;
				ENABLE_USER_SCRIPT_SANDBOXING = YES;
				GCC_C_LANGUAGE_STANDARD = gnu17;
				GCC_NO_COMMON_BLOCKS = YES;
				GCC_WARN_64_TO_32_BIT_CONVERSION = YES;
				GCC_WARN_ABOUT_RETURN_TYPE = YES_ERROR;
				GCC_WARN_UNDECLARED_SELECTOR = YES;
				GCC_WARN_UNINITIALIZED_AUTOS = YES_AGGRESSIVE;
				GCC_WARN_UNUSED_FUNCTION = YES;
				GCC_WARN_UNUSED_VARIABLE = YES;
				IPHONEOS_DEPLOYMENT_TARGET = 17.2;
				LOCALIZATION_PREFERS_STRING_CATALOGS = YES;
				MTL_ENABLE_DEBUG_INFO = NO;
				MTL_FAST_MATH = YES;
				SDKROOT = iphoneos;
				SWIFT_COMPILATION_MODE = wholemodule;
				VALIDATE_PRODUCT = YES;
			};
			name = Release;
		};
		9909F92C2BACCD02002372B6 /* Debug */ = {
			isa = XCBuildConfiguration;
			buildSettings = {
				ASSETCATALOG_COMPILER_APPICON_NAME = AppIcon;
				ASSETCATALOG_COMPILER_GLOBAL_ACCENT_COLOR_NAME = AccentColor;
				CODE_SIGN_STYLE = Automatic;
				CURRENT_PROJECT_VERSION = 1;
				DEVELOPMENT_ASSET_PATHS = "\"Drink Tracker/Preview Content\"";
				ENABLE_PREVIEWS = YES;
				GENERATE_INFOPLIST_FILE = YES;
				INFOPLIST_KEY_UIApplicationSceneManifest_Generation = YES;
				INFOPLIST_KEY_UIApplicationSupportsIndirectInputEvents = YES;
				INFOPLIST_KEY_UILaunchScreen_Generation = YES;
				INFOPLIST_KEY_UISupportedInterfaceOrientations_iPad = "UIInterfaceOrientationPortrait UIInterfaceOrientationPortraitUpsideDown UIInterfaceOrientationLandscapeLeft UIInterfaceOrientationLandscapeRight";
				INFOPLIST_KEY_UISupportedInterfaceOrientations_iPhone = "UIInterfaceOrientationPortrait UIInterfaceOrientationLandscapeLeft UIInterfaceOrientationLandscapeRight";
				LD_RUNPATH_SEARCH_PATHS = (
					"$(inherited)",
					"@executable_path/Frameworks",
				);
				MARKETING_VERSION = 1.0;
				PRODUCT_BUNDLE_IDENTIFIER = "com.tw.Drink-Tracker";
				PRODUCT_NAME = "$(TARGET_NAME)";
				SWIFT_EMIT_LOC_STRINGS = YES;
				SWIFT_VERSION = 5.0;
				TARGETED_DEVICE_FAMILY = "1,2";
			};
			name = Debug;
		};
		9909F92D2BACCD02002372B6 /* Release */ = {
			isa = XCBuildConfiguration;
			buildSettings = {
				ASSETCATALOG_COMPILER_APPICON_NAME = AppIcon;
				ASSETCATALOG_COMPILER_GLOBAL_ACCENT_COLOR_NAME = AccentColor;
				CODE_SIGN_STYLE = Automatic;
				CURRENT_PROJECT_VERSION = 1;
				DEVELOPMENT_ASSET_PATHS = "\"Drink Tracker/Preview Content\"";
				ENABLE_PREVIEWS = YES;
				GENERATE_INFOPLIST_FILE = YES;
				INFOPLIST_KEY_UIApplicationSceneManifest_Generation = YES;
				INFOPLIST_KEY_UIApplicationSupportsIndirectInputEvents = YES;
				INFOPLIST_KEY_UILaunchScreen_Generation = YES;
				INFOPLIST_KEY_UISupportedInterfaceOrientations_iPad = "UIInterfaceOrientationPortrait UIInterfaceOrientationPortraitUpsideDown UIInterfaceOrientationLandscapeLeft UIInterfaceOrientationLandscapeRight";
				INFOPLIST_KEY_UISupportedInterfaceOrientations_iPhone = "UIInterfaceOrientationPortrait UIInterfaceOrientationLandscapeLeft UIInterfaceOrientationLandscapeRight";
				LD_RUNPATH_SEARCH_PATHS = (
					"$(inherited)",
					"@executable_path/Frameworks",
				);
				MARKETING_VERSION = 1.0;
				PRODUCT_BUNDLE_IDENTIFIER = "com.tw.Drink-Tracker";
				PRODUCT_NAME = "$(TARGET_NAME)";
				SWIFT_EMIT_LOC_STRINGS = YES;
				SWIFT_VERSION = 5.0;
				TARGETED_DEVICE_FAMILY = "1,2";
			};
			name = Release;
		};
		9909F92F2BACCD02002372B6 /* Debug */ = {
			isa = XCBuildConfiguration;
			buildSettings = {
				ALWAYS_EMBED_SWIFT_STANDARD_LIBRARIES = YES;
				BUNDLE_LOADER = "$(TEST_HOST)";
				CODE_SIGN_STYLE = Automatic;
				CURRENT_PROJECT_VERSION = 1;
				GENERATE_INFOPLIST_FILE = YES;
				IPHONEOS_DEPLOYMENT_TARGET = 17.2;
				MARKETING_VERSION = 1.0;
				PRODUCT_BUNDLE_IDENTIFIER = "com.tw.Drink-TrackerTests";
				PRODUCT_NAME = "$(TARGET_NAME)";
				SWIFT_EMIT_LOC_STRINGS = NO;
				SWIFT_VERSION = 5.0;
				TARGETED_DEVICE_FAMILY = "1,2";
				TEST_HOST = "$(BUILT_PRODUCTS_DIR)/Drink Tracker.app/$(BUNDLE_EXECUTABLE_FOLDER_PATH)/Drink Tracker";
			};
			name = Debug;
		};
		9909F9302BACCD02002372B6 /* Release */ = {
			isa = XCBuildConfiguration;
			buildSettings = {
				ALWAYS_EMBED_SWIFT_STANDARD_LIBRARIES = YES;
				BUNDLE_LOADER = "$(TEST_HOST)";
				CODE_SIGN_STYLE = Automatic;
				CURRENT_PROJECT_VERSION = 1;
				GENERATE_INFOPLIST_FILE = YES;
				IPHONEOS_DEPLOYMENT_TARGET = 17.2;
				MARKETING_VERSION = 1.0;
				PRODUCT_BUNDLE_IDENTIFIER = "com.tw.Drink-TrackerTests";
				PRODUCT_NAME = "$(TARGET_NAME)";
				SWIFT_EMIT_LOC_STRINGS = NO;
				SWIFT_VERSION = 5.0;
				TARGETED_DEVICE_FAMILY = "1,2";
				TEST_HOST = "$(BUILT_PRODUCTS_DIR)/Drink Tracker.app/$(BUNDLE_EXECUTABLE_FOLDER_PATH)/Drink Tracker";
			};
			name = Release;
		};
		9909F9322BACCD02002372B6 /* Debug */ = {
			isa = XCBuildConfiguration;
			buildSettings = {
				ALWAYS_EMBED_SWIFT_STANDARD_LIBRARIES = YES;
				CODE_SIGN_STYLE = Automatic;
				CURRENT_PROJECT_VERSION = 1;
				GENERATE_INFOPLIST_FILE = YES;
				MARKETING_VERSION = 1.0;
				PRODUCT_BUNDLE_IDENTIFIER = "com.tw.Drink-TrackerUITests";
				PRODUCT_NAME = "$(TARGET_NAME)";
				SWIFT_EMIT_LOC_STRINGS = NO;
				SWIFT_VERSION = 5.0;
				TARGETED_DEVICE_FAMILY = "1,2";
				TEST_TARGET_NAME = "Drink Tracker";
			};
			name = Debug;
		};
		9909F9332BACCD02002372B6 /* Release */ = {
			isa = XCBuildConfiguration;
			buildSettings = {
				ALWAYS_EMBED_SWIFT_STANDARD_LIBRARIES = YES;
				CODE_SIGN_STYLE = Automatic;
				CURRENT_PROJECT_VERSION = 1;
				GENERATE_INFOPLIST_FILE = YES;
				MARKETING_VERSION = 1.0;
				PRODUCT_BUNDLE_IDENTIFIER = "com.tw.Drink-TrackerUITests";
				PRODUCT_NAME = "$(TARGET_NAME)";
				SWIFT_EMIT_LOC_STRINGS = NO;
				SWIFT_VERSION = 5.0;
				TARGETED_DEVICE_FAMILY = "1,2";
				TEST_TARGET_NAME = "Drink Tracker";
			};
			name = Release;
		};
/* End XCBuildConfiguration section */

/* Begin XCConfigurationList section */
		9909F9022BACCCFE002372B6 /* Build configuration list for PBXProject "Drink Tracker" */ = {
			isa = XCConfigurationList;
			buildConfigurations = (
				9909F9292BACCD02002372B6 /* Debug */,
				9909F92A2BACCD02002372B6 /* Release */,
			);
			defaultConfigurationIsVisible = 0;
			defaultConfigurationName = Release;
		};
		9909F92B2BACCD02002372B6 /* Build configuration list for PBXNativeTarget "Drink Tracker" */ = {
			isa = XCConfigurationList;
			buildConfigurations = (
				9909F92C2BACCD02002372B6 /* Debug */,
				9909F92D2BACCD02002372B6 /* Release */,
			);
			defaultConfigurationIsVisible = 0;
			defaultConfigurationName = Release;
		};
		9909F92E2BACCD02002372B6 /* Build configuration list for PBXNativeTarget "Drink TrackerTests" */ = {
			isa = XCConfigurationList;
			buildConfigurations = (
				9909F92F2BACCD02002372B6 /* Debug */,
				9909F9302BACCD02002372B6 /* Release */,
			);
			defaultConfigurationIsVisible = 0;
			defaultConfigurationName = Release;
		};
		9909F9312BACCD02002372B6 /* Build configuration list for PBXNativeTarget "Drink TrackerUITests" */ = {
			isa = XCConfigurationList;
			buildConfigurations = (
				9909F9322BACCD02002372B6 /* Debug */,
				9909F9332BACCD02002372B6 /* Release */,
			);
			defaultConfigurationIsVisible = 0;
			defaultConfigurationName = Release;
		};
/* End XCConfigurationList section */
	};
	rootObject = 9909F8FF2BACCCFE002372B6 /* Project object */;
}
